
Microsoft Visual Studio Solution File, Format Version 12.00
# Visual Studio 15
VisualStudioVersion = 15.0.27428.2037
MinimumVisualStudioVersion = 10.0.40219.1
Project("{FAE04EC0-301F-11D3-BF4B-00C04F79EFBC}") = "VuelingAPI", "VuelingAPI\VuelingAPI.csproj", "{B4EE1D7A-BED4-49EE-AF78-DA01238D6884}"
EndProject
Global
	GlobalSection(SolutionConfigurationPlatforms) = preSolution
		Debug|Any CPU = Debug|Any CPU
		Release|Any CPU = Release|Any CPU
	EndGlobalSection
	GlobalSection(ProjectConfigurationPlatforms) = postSolution
		{B4EE1D7A-BED4-49EE-AF78-DA01238D6884}.Debug|Any CPU.ActiveCfg = Debug|Any CPU
		{B4EE1D7A-BED4-49EE-AF78-DA01238D6884}.Debug|Any CPU.Build.0 = Debug|Any CPU
		{B4EE1D7A-BED4-49EE-AF78-DA01238D6884}.Release|Any CPU.ActiveCfg = Release|Any CPU
		{B4EE1D7A-BED4-49EE-AF78-DA01238D6884}.Release|Any CPU.Build.0 = Release|Any CPU
	EndGlobalSection
	GlobalSection(SolutionProperties) = preSolution
		HideSolutionNode = FALSE
	EndGlobalSection
	GlobalSection(ExtensibilityGlobals) = postSolution
		SolutionGuid = {C29D89B2-C385-42CC-AC34-D4B944F6060A}
	EndGlobalSection
EndGlobal
